
Microsoft Visual Studio Solution File, Format Version 12.00
Project("{FAE04EC0-301F-11D3-BF4B-00C04F79EFBC}") = "puzzle-21", "puzzle-21.csproj", "{B537CBD0-D3CA-4CC2-BF75-AE7CFA822E44}"
EndProject
Global
	GlobalSection(SolutionConfigurationPlatforms) = preSolution
		Debug|Any CPU = Debug|Any CPU
		Release|Any CPU = Release|Any CPU
	EndGlobalSection
	GlobalSection(ProjectConfigurationPlatforms) = postSolution
		{B537CBD0-D3CA-4CC2-BF75-AE7CFA822E44}.Debug|Any CPU.ActiveCfg = Debug|Any CPU
		{B537CBD0-D3CA-4CC2-BF75-AE7CFA822E44}.Debug|Any CPU.Build.0 = Debug|Any CPU
		{B537CBD0-D3CA-4CC2-BF75-AE7CFA822E44}.Release|Any CPU.ActiveCfg = Release|Any CPU
		{B537CBD0-D3CA-4CC2-BF75-AE7CFA822E44}.Release|Any CPU.Build.0 = Release|Any CPU
	EndGlobalSection
EndGlobal
