
Microsoft Visual Studio Solution File, Format Version 12.00
Project("{FAE04EC0-301F-11D3-BF4B-00C04F79EFBC}") = "puzzle-14", "puzzle-14.csproj", "{129A59CD-F72D-4516-887C-93B24FD9C7EB}"
EndProject
Global
	GlobalSection(SolutionConfigurationPlatforms) = preSolution
		Debug|Any CPU = Debug|Any CPU
		Release|Any CPU = Release|Any CPU
	EndGlobalSection
	GlobalSection(ProjectConfigurationPlatforms) = postSolution
		{129A59CD-F72D-4516-887C-93B24FD9C7EB}.Debug|Any CPU.ActiveCfg = Debug|Any CPU
		{129A59CD-F72D-4516-887C-93B24FD9C7EB}.Debug|Any CPU.Build.0 = Debug|Any CPU
		{129A59CD-F72D-4516-887C-93B24FD9C7EB}.Release|Any CPU.ActiveCfg = Release|Any CPU
		{129A59CD-F72D-4516-887C-93B24FD9C7EB}.Release|Any CPU.Build.0 = Release|Any CPU
	EndGlobalSection
EndGlobal
